// !$*UTF8*$!
{
	archiveVersion = 1;
	classes = {
	};
	objectVersion = 56;
	objects = {

/* Begin PBXBuildFile section */
		2E0B9958297F507000BDC534 /* UserData.swift in Sources */ = {isa = PBXBuildFile; fileRef = 2E0B9957297F507000BDC534 /* UserData.swift */; };
		2E0B995B297F51A000BDC534 /* Alamofire in Frameworks */ = {isa = PBXBuildFile; productRef = 2E0B995A297F51A000BDC534 /* Alamofire */; };
		2E0B996C297F5CB700BDC534 /* ChattyVM.swift in Sources */ = {isa = PBXBuildFile; fileRef = 2E0B996B297F5CB700BDC534 /* ChattyVM.swift */; };
		2E5F21F429AD4D31003B2A14 /* TokenModel.swift in Sources */ = {isa = PBXBuildFile; fileRef = 2E5F21F329AD4D31003B2A14 /* TokenModel.swift */; };
		2E5F21FA29AD5002003B2A14 /* ProfileModel.swift in Sources */ = {isa = PBXBuildFile; fileRef = 2E5F21F929AD5002003B2A14 /* ProfileModel.swift */; };
		2E5F21FD29AD615F003B2A14 /* Keychain.swift in Sources */ = {isa = PBXBuildFile; fileRef = 2E5F21FC29AD615F003B2A14 /* Keychain.swift */; };
		2E80F33929E1DA5A002280D5 /* ArrivedCard.swift in Sources */ = {isa = PBXBuildFile; fileRef = 2E80F33829E1DA5A002280D5 /* ArrivedCard.swift */; };
		2E80F33B29E2D665002280D5 /* RefusedCard.swift in Sources */ = {isa = PBXBuildFile; fileRef = 2E80F33A29E2D665002280D5 /* RefusedCard.swift */; };
		2E80F33F29E2E70B002280D5 /* NewQuestionButton.swift in Sources */ = {isa = PBXBuildFile; fileRef = 2E80F33E29E2E70B002280D5 /* NewQuestionButton.swift */; };
		2E80F34129E2F65A002280D5 /* QuestionEditor.swift in Sources */ = {isa = PBXBuildFile; fileRef = 2E80F34029E2F65A002280D5 /* QuestionEditor.swift */; };
		2E80F34A29E30A08002280D5 /* RoundedCornersShape.swift in Sources */ = {isa = PBXBuildFile; fileRef = 2E80F34929E30A08002280D5 /* RoundedCornersShape.swift */; };
		2E9D03A529A691FD0042F0AE /* MainView.swift in Sources */ = {isa = PBXBuildFile; fileRef = 2E9D03A429A691FD0042F0AE /* MainView.swift */; };
		2E9D03A729A6A27A0042F0AE /* ProfileView.swift in Sources */ = {isa = PBXBuildFile; fileRef = 2E9D03A629A6A27A0042F0AE /* ProfileView.swift */; };
		2E9D03A929A6A2B90042F0AE /* CommunityView.swift in Sources */ = {isa = PBXBuildFile; fileRef = 2E9D03A829A6A2B90042F0AE /* CommunityView.swift */; };
		2E9D03AB29A6A2C30042F0AE /* RankingView.swift in Sources */ = {isa = PBXBuildFile; fileRef = 2E9D03AA29A6A2C30042F0AE /* RankingView.swift */; };
		2E9D03AD29A6A2CC0042F0AE /* MyPageView.swift in Sources */ = {isa = PBXBuildFile; fileRef = 2E9D03AC29A6A2CC0042F0AE /* MyPageView.swift */; };
		2E9D85BE29DBB657007C9904 /* ErrorModel.swift in Sources */ = {isa = PBXBuildFile; fileRef = 2E9D85BD29DBB657007C9904 /* ErrorModel.swift */; };
		2EB1AEAE29D09247007EA12E /* TimeExtensions.swift in Sources */ = {isa = PBXBuildFile; fileRef = 2EB1AEAD29D09247007EA12E /* TimeExtensions.swift */; };
		2EB6E5D529A942350058B0FF /* ResponsedCard.swift in Sources */ = {isa = PBXBuildFile; fileRef = 2EB6E5D429A942350058B0FF /* ResponsedCard.swift */; };
		2ED68B052952F79C007F5EA7 /* IndexView.swift in Sources */ = {isa = PBXBuildFile; fileRef = 2ED68B042952F79C007F5EA7 /* IndexView.swift */; };
		2ED68B0B29530550007F5EA7 /* LoginView.swift in Sources */ = {isa = PBXBuildFile; fileRef = 2ED68B0A29530550007F5EA7 /* LoginView.swift */; };
		2ED68B172954952D007F5EA7 /* RegisterView.swift in Sources */ = {isa = PBXBuildFile; fileRef = 2ED68B162954952D007F5EA7 /* RegisterView.swift */; };
		2EDCB71529CCA335009523A1 /* QuestionModel.swift in Sources */ = {isa = PBXBuildFile; fileRef = 2EDCB71429CCA335009523A1 /* QuestionModel.swift */; };
		2EE6CB332952F4F300E281A0 /* Chatty_SwiftApp.swift in Sources */ = {isa = PBXBuildFile; fileRef = 2EE6CB322952F4F300E281A0 /* Chatty_SwiftApp.swift */; };
		2EE6CB372952F4F400E281A0 /* Assets.xcassets in Resources */ = {isa = PBXBuildFile; fileRef = 2EE6CB362952F4F400E281A0 /* Assets.xcassets */; };
		2EE6CB3A2952F4F400E281A0 /* Preview Assets.xcassets in Resources */ = {isa = PBXBuildFile; fileRef = 2EE6CB392952F4F400E281A0 /* Preview Assets.xcassets */; };
		2EF5AC8F29AEB1940019A37D /* TextExtensions.swift in Sources */ = {isa = PBXBuildFile; fileRef = 2EF5AC8E29AEB1940019A37D /* TextExtensions.swift */; };
		2EF5AC9429AF01AB0019A37D /* Chatty_LoginTests.swift in Sources */ = {isa = PBXBuildFile; fileRef = 2EF5AC9329AF01AB0019A37D /* Chatty_LoginTests.swift */; };
		2EF5AC9629AF01DF0019A37D /* Chatty_SwiftTests.swift in Sources */ = {isa = PBXBuildFile; fileRef = 2EF5AC9529AF01DF0019A37D /* Chatty_SwiftTests.swift */; };
		8DBC72128597918FEB62BD71 /* Pods_Chatty_Swift.framework in Frameworks */ = {isa = PBXBuildFile; fileRef = 09318CB4F1F9D0A77D755B11 /* Pods_Chatty_Swift.framework */; };
		A99B07ABDB68F535C3439E88 /* Pods_Chatty_Swift_Chatty_SwiftUITests.framework in Frameworks */ = {isa = PBXBuildFile; fileRef = 7F0EF149E370F335EE3F45E0 /* Pods_Chatty_Swift_Chatty_SwiftUITests.framework */; };
		AA5865828BC88C212E33A8E5 /* Pods_Chatty_SwiftTests.framework in Frameworks */ = {isa = PBXBuildFile; fileRef = 500D836B645EB754191E3DB5 /* Pods_Chatty_SwiftTests.framework */; };
/* End PBXBuildFile section */

/* Begin PBXContainerItemProxy section */
		2EE6CB402952F4F400E281A0 /* PBXContainerItemProxy */ = {
			isa = PBXContainerItemProxy;
			containerPortal = 2EE6CB272952F4F300E281A0 /* Project object */;
			proxyType = 1;
			remoteGlobalIDString = 2EE6CB2E2952F4F300E281A0;
			remoteInfo = Chatty_Swift;
		};
		2EE6CB4A2952F4F500E281A0 /* PBXContainerItemProxy */ = {
			isa = PBXContainerItemProxy;
			containerPortal = 2EE6CB272952F4F300E281A0 /* Project object */;
			proxyType = 1;
			remoteGlobalIDString = 2EE6CB2E2952F4F300E281A0;
			remoteInfo = Chatty_Swift;
		};
/* End PBXContainerItemProxy section */

/* Begin PBXFileReference section */
		09318CB4F1F9D0A77D755B11 /* Pods_Chatty_Swift.framework */ = {isa = PBXFileReference; explicitFileType = wrapper.framework; includeInIndex = 0; path = Pods_Chatty_Swift.framework; sourceTree = BUILT_PRODUCTS_DIR; };
		27AB325B0318009849577297 /* Pods-Chatty_Swift-Chatty_SwiftUITests.debug.xcconfig */ = {isa = PBXFileReference; includeInIndex = 1; lastKnownFileType = text.xcconfig; name = "Pods-Chatty_Swift-Chatty_SwiftUITests.debug.xcconfig"; path = "Target Support Files/Pods-Chatty_Swift-Chatty_SwiftUITests/Pods-Chatty_Swift-Chatty_SwiftUITests.debug.xcconfig"; sourceTree = "<group>"; };
		2E0B9957297F507000BDC534 /* UserData.swift */ = {isa = PBXFileReference; lastKnownFileType = sourcecode.swift; path = UserData.swift; sourceTree = "<group>"; };
		2E0B996B297F5CB700BDC534 /* ChattyVM.swift */ = {isa = PBXFileReference; lastKnownFileType = sourcecode.swift; path = ChattyVM.swift; sourceTree = "<group>"; };
		2E5F21F329AD4D31003B2A14 /* TokenModel.swift */ = {isa = PBXFileReference; lastKnownFileType = sourcecode.swift; path = TokenModel.swift; sourceTree = "<group>"; };
		2E5F21F929AD5002003B2A14 /* ProfileModel.swift */ = {isa = PBXFileReference; lastKnownFileType = sourcecode.swift; path = ProfileModel.swift; sourceTree = "<group>"; };
		2E5F21FC29AD615F003B2A14 /* Keychain.swift */ = {isa = PBXFileReference; lastKnownFileType = sourcecode.swift; path = Keychain.swift; sourceTree = "<group>"; };
		2E80F33829E1DA5A002280D5 /* ArrivedCard.swift */ = {isa = PBXFileReference; lastKnownFileType = sourcecode.swift; path = ArrivedCard.swift; sourceTree = "<group>"; };
		2E80F33A29E2D665002280D5 /* RefusedCard.swift */ = {isa = PBXFileReference; lastKnownFileType = sourcecode.swift; path = RefusedCard.swift; sourceTree = "<group>"; };
		2E80F33E29E2E70B002280D5 /* NewQuestionButton.swift */ = {isa = PBXFileReference; lastKnownFileType = sourcecode.swift; path = NewQuestionButton.swift; sourceTree = "<group>"; };
		2E80F34029E2F65A002280D5 /* QuestionEditor.swift */ = {isa = PBXFileReference; lastKnownFileType = sourcecode.swift; path = QuestionEditor.swift; sourceTree = "<group>"; };
		2E80F34929E30A08002280D5 /* RoundedCornersShape.swift */ = {isa = PBXFileReference; lastKnownFileType = sourcecode.swift; path = RoundedCornersShape.swift; sourceTree = "<group>"; };
		2E9D03A429A691FD0042F0AE /* MainView.swift */ = {isa = PBXFileReference; lastKnownFileType = sourcecode.swift; path = MainView.swift; sourceTree = "<group>"; };
		2E9D03A629A6A27A0042F0AE /* ProfileView.swift */ = {isa = PBXFileReference; lastKnownFileType = sourcecode.swift; path = ProfileView.swift; sourceTree = "<group>"; };
		2E9D03A829A6A2B90042F0AE /* CommunityView.swift */ = {isa = PBXFileReference; lastKnownFileType = sourcecode.swift; path = CommunityView.swift; sourceTree = "<group>"; };
		2E9D03AA29A6A2C30042F0AE /* RankingView.swift */ = {isa = PBXFileReference; lastKnownFileType = sourcecode.swift; path = RankingView.swift; sourceTree = "<group>"; };
		2E9D03AC29A6A2CC0042F0AE /* MyPageView.swift */ = {isa = PBXFileReference; lastKnownFileType = sourcecode.swift; path = MyPageView.swift; sourceTree = "<group>"; };
		2E9D85BD29DBB657007C9904 /* ErrorModel.swift */ = {isa = PBXFileReference; lastKnownFileType = sourcecode.swift; path = ErrorModel.swift; sourceTree = "<group>"; };
		2EB1AEAD29D09247007EA12E /* TimeExtensions.swift */ = {isa = PBXFileReference; lastKnownFileType = sourcecode.swift; path = TimeExtensions.swift; sourceTree = "<group>"; };
		2EB6E5D429A942350058B0FF /* ResponsedCard.swift */ = {isa = PBXFileReference; lastKnownFileType = sourcecode.swift; path = ResponsedCard.swift; sourceTree = "<group>"; };
		2ED68B042952F79C007F5EA7 /* IndexView.swift */ = {isa = PBXFileReference; lastKnownFileType = sourcecode.swift; path = IndexView.swift; sourceTree = "<group>"; };
		2ED68B0A29530550007F5EA7 /* LoginView.swift */ = {isa = PBXFileReference; lastKnownFileType = sourcecode.swift; path = LoginView.swift; sourceTree = "<group>"; };
		2ED68B162954952D007F5EA7 /* RegisterView.swift */ = {isa = PBXFileReference; lastKnownFileType = sourcecode.swift; path = RegisterView.swift; sourceTree = "<group>"; };
		2EDCB71429CCA335009523A1 /* QuestionModel.swift */ = {isa = PBXFileReference; lastKnownFileType = sourcecode.swift; path = QuestionModel.swift; sourceTree = "<group>"; };
		2EE6CB2F2952F4F300E281A0 /* Chatty_Swift.app */ = {isa = PBXFileReference; explicitFileType = wrapper.application; includeInIndex = 0; path = Chatty_Swift.app; sourceTree = BUILT_PRODUCTS_DIR; };
		2EE6CB322952F4F300E281A0 /* Chatty_SwiftApp.swift */ = {isa = PBXFileReference; lastKnownFileType = sourcecode.swift; path = Chatty_SwiftApp.swift; sourceTree = "<group>"; };
		2EE6CB362952F4F400E281A0 /* Assets.xcassets */ = {isa = PBXFileReference; lastKnownFileType = folder.assetcatalog; path = Assets.xcassets; sourceTree = "<group>"; };
		2EE6CB392952F4F400E281A0 /* Preview Assets.xcassets */ = {isa = PBXFileReference; lastKnownFileType = folder.assetcatalog; path = "Preview Assets.xcassets"; sourceTree = "<group>"; };
		2EE6CB3F2952F4F400E281A0 /* Chatty_SwiftTests.xctest */ = {isa = PBXFileReference; explicitFileType = wrapper.cfbundle; includeInIndex = 0; path = Chatty_SwiftTests.xctest; sourceTree = BUILT_PRODUCTS_DIR; };
		2EE6CB492952F4F500E281A0 /* Chatty_SwiftUITests.xctest */ = {isa = PBXFileReference; explicitFileType = wrapper.cfbundle; includeInIndex = 0; path = Chatty_SwiftUITests.xctest; sourceTree = BUILT_PRODUCTS_DIR; };
		2EF5AC8E29AEB1940019A37D /* TextExtensions.swift */ = {isa = PBXFileReference; lastKnownFileType = sourcecode.swift; path = TextExtensions.swift; sourceTree = "<group>"; };
		2EF5AC9329AF01AB0019A37D /* Chatty_LoginTests.swift */ = {isa = PBXFileReference; lastKnownFileType = sourcecode.swift; path = Chatty_LoginTests.swift; sourceTree = "<group>"; };
		2EF5AC9529AF01DF0019A37D /* Chatty_SwiftTests.swift */ = {isa = PBXFileReference; fileEncoding = 4; lastKnownFileType = sourcecode.swift; path = Chatty_SwiftTests.swift; sourceTree = "<group>"; };
		37B7AB71AEED31738A6CEA4C /* Pods-Chatty_SwiftTests.release.xcconfig */ = {isa = PBXFileReference; includeInIndex = 1; lastKnownFileType = text.xcconfig; name = "Pods-Chatty_SwiftTests.release.xcconfig"; path = "Target Support Files/Pods-Chatty_SwiftTests/Pods-Chatty_SwiftTests.release.xcconfig"; sourceTree = "<group>"; };
		500D836B645EB754191E3DB5 /* Pods_Chatty_SwiftTests.framework */ = {isa = PBXFileReference; explicitFileType = wrapper.framework; includeInIndex = 0; path = Pods_Chatty_SwiftTests.framework; sourceTree = BUILT_PRODUCTS_DIR; };
		7F0EF149E370F335EE3F45E0 /* Pods_Chatty_Swift_Chatty_SwiftUITests.framework */ = {isa = PBXFileReference; explicitFileType = wrapper.framework; includeInIndex = 0; path = Pods_Chatty_Swift_Chatty_SwiftUITests.framework; sourceTree = BUILT_PRODUCTS_DIR; };
		B106273201EE446B7AFD29A3 /* Pods-Chatty_Swift.release.xcconfig */ = {isa = PBXFileReference; includeInIndex = 1; lastKnownFileType = text.xcconfig; name = "Pods-Chatty_Swift.release.xcconfig"; path = "Target Support Files/Pods-Chatty_Swift/Pods-Chatty_Swift.release.xcconfig"; sourceTree = "<group>"; };
		C4726903225193C21350329D /* Pods-Chatty_Swift.debug.xcconfig */ = {isa = PBXFileReference; includeInIndex = 1; lastKnownFileType = text.xcconfig; name = "Pods-Chatty_Swift.debug.xcconfig"; path = "Target Support Files/Pods-Chatty_Swift/Pods-Chatty_Swift.debug.xcconfig"; sourceTree = "<group>"; };
		CDB544C446F7F8A0EB7D0C91 /* Pods-Chatty_SwiftTests.debug.xcconfig */ = {isa = PBXFileReference; includeInIndex = 1; lastKnownFileType = text.xcconfig; name = "Pods-Chatty_SwiftTests.debug.xcconfig"; path = "Target Support Files/Pods-Chatty_SwiftTests/Pods-Chatty_SwiftTests.debug.xcconfig"; sourceTree = "<group>"; };
		CDEF3842BC48C25B009846D1 /* Pods-Chatty_Swift-Chatty_SwiftUITests.release.xcconfig */ = {isa = PBXFileReference; includeInIndex = 1; lastKnownFileType = text.xcconfig; name = "Pods-Chatty_Swift-Chatty_SwiftUITests.release.xcconfig"; path = "Target Support Files/Pods-Chatty_Swift-Chatty_SwiftUITests/Pods-Chatty_Swift-Chatty_SwiftUITests.release.xcconfig"; sourceTree = "<group>"; };
/* End PBXFileReference section */

/* Begin PBXFrameworksBuildPhase section */
		2EE6CB2C2952F4F300E281A0 /* Frameworks */ = {
			isa = PBXFrameworksBuildPhase;
			buildActionMask = 2147483647;
			files = (
				2E0B995B297F51A000BDC534 /* Alamofire in Frameworks */,
				8DBC72128597918FEB62BD71 /* Pods_Chatty_Swift.framework in Frameworks */,
			);
			runOnlyForDeploymentPostprocessing = 0;
		};
		2EE6CB3C2952F4F400E281A0 /* Frameworks */ = {
			isa = PBXFrameworksBuildPhase;
			buildActionMask = 2147483647;
			files = (
				AA5865828BC88C212E33A8E5 /* Pods_Chatty_SwiftTests.framework in Frameworks */,
			);
			runOnlyForDeploymentPostprocessing = 0;
		};
		2EE6CB462952F4F500E281A0 /* Frameworks */ = {
			isa = PBXFrameworksBuildPhase;
			buildActionMask = 2147483647;
			files = (
				A99B07ABDB68F535C3439E88 /* Pods_Chatty_Swift_Chatty_SwiftUITests.framework in Frameworks */,
			);
			runOnlyForDeploymentPostprocessing = 0;
		};
/* End PBXFrameworksBuildPhase section */

/* Begin PBXGroup section */
		2E0B5F5329B9660000E6FB48 /* Profile */ = {
			isa = PBXGroup;
			children = (
				2E9D03A629A6A27A0042F0AE /* ProfileView.swift */,
			);
			path = Profile;
			sourceTree = "<group>";
		};
		2E0B9956297F504000BDC534 /* Model */ = {
			isa = PBXGroup;
			children = (
				2E0B9957297F507000BDC534 /* UserData.swift */,
				2E5F21F329AD4D31003B2A14 /* TokenModel.swift */,
				2E5F21F929AD5002003B2A14 /* ProfileModel.swift */,
				2EDCB71429CCA335009523A1 /* QuestionModel.swift */,
				2E9D85BD29DBB657007C9904 /* ErrorModel.swift */,
			);
			path = Model;
			sourceTree = "<group>";
		};
		2E0B996A297F5CA900BDC534 /* ViewModel */ = {
			isa = PBXGroup;
			children = (
				2E0B996B297F5CB700BDC534 /* ChattyVM.swift */,
			);
			path = ViewModel;
			sourceTree = "<group>";
		};
		2E5F21FB29AD6147003B2A14 /* Keychain */ = {
			isa = PBXGroup;
			children = (
				2E5F21FC29AD615F003B2A14 /* Keychain.swift */,
			);
			path = Keychain;
			sourceTree = "<group>";
		};
		2E80F33729E1DA25002280D5 /* Card */ = {
			isa = PBXGroup;
			children = (
				2EB6E5D429A942350058B0FF /* ResponsedCard.swift */,
				2E80F33829E1DA5A002280D5 /* ArrivedCard.swift */,
				2E80F33A29E2D665002280D5 /* RefusedCard.swift */,
			);
			path = Card;
			sourceTree = "<group>";
		};
		2E80F33C29E2E6E8002280D5 /* Elements */ = {
			isa = PBXGroup;
			children = (
				2E80F34829E309FD002280D5 /* Shape */,
				2E80F34429E2F66A002280D5 /* Editor */,
				2E80F33D29E2E6F5002280D5 /* Button */,
				2E80F33729E1DA25002280D5 /* Card */,
			);
			path = Elements;
			sourceTree = "<group>";
		};
		2E80F33D29E2E6F5002280D5 /* Button */ = {
			isa = PBXGroup;
			children = (
				2E80F33E29E2E70B002280D5 /* NewQuestionButton.swift */,
			);
			path = Button;
			sourceTree = "<group>";
		};
		2E80F34429E2F66A002280D5 /* Editor */ = {
			isa = PBXGroup;
			children = (
				2E80F34029E2F65A002280D5 /* QuestionEditor.swift */,
			);
			path = Editor;
			sourceTree = "<group>";
		};
		2E80F34829E309FD002280D5 /* Shape */ = {
			isa = PBXGroup;
			children = (
				2E80F34929E30A08002280D5 /* RoundedCornersShape.swift */,
			);
			path = Shape;
			sourceTree = "<group>";
		};
		2E9D03A129A691950042F0AE /* Main */ = {
			isa = PBXGroup;
			children = (
				2E9D03A429A691FD0042F0AE /* MainView.swift */,
				2E9D03A829A6A2B90042F0AE /* CommunityView.swift */,
				2E9D03AA29A6A2C30042F0AE /* RankingView.swift */,
				2E9D03AC29A6A2CC0042F0AE /* MyPageView.swift */,
			);
			path = Main;
			sourceTree = "<group>";
		};
		2ED68B08295304BF007F5EA7 /* View */ = {
			isa = PBXGroup;
			children = (
				2E80F33C29E2E6E8002280D5 /* Elements */,
				2E0B5F5329B9660000E6FB48 /* Profile */,
				2E9D03A129A691950042F0AE /* Main */,
				2ED68B1829549533007F5EA7 /* Register */,
				2ED68B0C295305E9007F5EA7 /* Login */,
				2ED68B09295304C9007F5EA7 /* Index */,
			);
			path = View;
			sourceTree = "<group>";
		};
		2ED68B09295304C9007F5EA7 /* Index */ = {
			isa = PBXGroup;
			children = (
				2ED68B042952F79C007F5EA7 /* IndexView.swift */,
			);
			path = Index;
			sourceTree = "<group>";
		};
		2ED68B0C295305E9007F5EA7 /* Login */ = {
			isa = PBXGroup;
			children = (
				2ED68B0A29530550007F5EA7 /* LoginView.swift */,
			);
			path = Login;
			sourceTree = "<group>";
		};
		2ED68B1829549533007F5EA7 /* Register */ = {
			isa = PBXGroup;
			children = (
				2ED68B162954952D007F5EA7 /* RegisterView.swift */,
			);
			path = Register;
			sourceTree = "<group>";
		};
		2ED68B1C296679E6007F5EA7 /* API */ = {
			isa = PBXGroup;
			children = (
				2E0B9956297F504000BDC534 /* Model */,
			);
			path = API;
			sourceTree = "<group>";
		};
		2EE6CB262952F4F300E281A0 = {
			isa = PBXGroup;
			children = (
				2EE6CB312952F4F300E281A0 /* Chatty_Swift */,
				2EE6CB422952F4F400E281A0 /* Chatty_SwiftTests */,
				2EE6CB4C2952F4F500E281A0 /* Chatty_SwiftUITests */,
				2EE6CB302952F4F300E281A0 /* Products */,
				94C951001C7AD06B2D831836 /* Pods */,
				416AAA9CBB9831AB58D9D337 /* Frameworks */,
			);
			sourceTree = "<group>";
		};
		2EE6CB302952F4F300E281A0 /* Products */ = {
			isa = PBXGroup;
			children = (
				2EE6CB2F2952F4F300E281A0 /* Chatty_Swift.app */,
				2EE6CB3F2952F4F400E281A0 /* Chatty_SwiftTests.xctest */,
				2EE6CB492952F4F500E281A0 /* Chatty_SwiftUITests.xctest */,
			);
			name = Products;
			sourceTree = "<group>";
		};
		2EE6CB312952F4F300E281A0 /* Chatty_Swift */ = {
			isa = PBXGroup;
			children = (
				2EF5AC8B29AEB0770019A37D /* Extension */,
				2E5F21FB29AD6147003B2A14 /* Keychain */,
				2E0B996A297F5CA900BDC534 /* ViewModel */,
				2ED68B1C296679E6007F5EA7 /* API */,
				2ED68B08295304BF007F5EA7 /* View */,
				2EE6CB322952F4F300E281A0 /* Chatty_SwiftApp.swift */,
				2EE6CB362952F4F400E281A0 /* Assets.xcassets */,
				2EE6CB382952F4F400E281A0 /* Preview Content */,
			);
			path = Chatty_Swift;
			sourceTree = "<group>";
		};
		2EE6CB382952F4F400E281A0 /* Preview Content */ = {
			isa = PBXGroup;
			children = (
				2EE6CB392952F4F400E281A0 /* Preview Assets.xcassets */,
			);
			path = "Preview Content";
			sourceTree = "<group>";
		};
		2EE6CB422952F4F400E281A0 /* Chatty_SwiftTests */ = {
			isa = PBXGroup;
			children = (
				2EF5AC9529AF01DF0019A37D /* Chatty_SwiftTests.swift */,
			);
			path = Chatty_SwiftTests;
			sourceTree = "<group>";
		};
		2EE6CB4C2952F4F500E281A0 /* Chatty_SwiftUITests */ = {
			isa = PBXGroup;
			children = (
				2EF5AC9329AF01AB0019A37D /* Chatty_LoginTests.swift */,
			);
			path = Chatty_SwiftUITests;
			sourceTree = "<group>";
		};
		2EF5AC8B29AEB0770019A37D /* Extension */ = {
			isa = PBXGroup;
			children = (
				2EF5AC8E29AEB1940019A37D /* TextExtensions.swift */,
				2EB1AEAD29D09247007EA12E /* TimeExtensions.swift */,
			);
			path = Extension;
			sourceTree = "<group>";
		};
		416AAA9CBB9831AB58D9D337 /* Frameworks */ = {
			isa = PBXGroup;
			children = (
				09318CB4F1F9D0A77D755B11 /* Pods_Chatty_Swift.framework */,
				7F0EF149E370F335EE3F45E0 /* Pods_Chatty_Swift_Chatty_SwiftUITests.framework */,
				500D836B645EB754191E3DB5 /* Pods_Chatty_SwiftTests.framework */,
			);
			name = Frameworks;
			sourceTree = "<group>";
		};
		94C951001C7AD06B2D831836 /* Pods */ = {
			isa = PBXGroup;
			children = (
				C4726903225193C21350329D /* Pods-Chatty_Swift.debug.xcconfig */,
				B106273201EE446B7AFD29A3 /* Pods-Chatty_Swift.release.xcconfig */,
				27AB325B0318009849577297 /* Pods-Chatty_Swift-Chatty_SwiftUITests.debug.xcconfig */,
				CDEF3842BC48C25B009846D1 /* Pods-Chatty_Swift-Chatty_SwiftUITests.release.xcconfig */,
				CDB544C446F7F8A0EB7D0C91 /* Pods-Chatty_SwiftTests.debug.xcconfig */,
				37B7AB71AEED31738A6CEA4C /* Pods-Chatty_SwiftTests.release.xcconfig */,
			);
			path = Pods;
			sourceTree = "<group>";
		};
/* End PBXGroup section */

/* Begin PBXNativeTarget section */
		2EE6CB2E2952F4F300E281A0 /* Chatty_Swift */ = {
			isa = PBXNativeTarget;
			buildConfigurationList = 2EE6CB532952F4F500E281A0 /* Build configuration list for PBXNativeTarget "Chatty_Swift" */;
			buildPhases = (
				931612CC59F68EAFE8BE1350 /* [CP] Check Pods Manifest.lock */,
				2EE6CB2B2952F4F300E281A0 /* Sources */,
				2EE6CB2C2952F4F300E281A0 /* Frameworks */,
				2EE6CB2D2952F4F300E281A0 /* Resources */,
				500E6560B8FA270812F4E1CA /* [CP] Embed Pods Frameworks */,
			);
			buildRules = (
			);
			dependencies = (
			);
			name = Chatty_Swift;
			packageProductDependencies = (
				2E0B995A297F51A000BDC534 /* Alamofire */,
			);
			productName = Chatty_Swift;
			productReference = 2EE6CB2F2952F4F300E281A0 /* Chatty_Swift.app */;
			productType = "com.apple.product-type.application";
		};
		2EE6CB3E2952F4F400E281A0 /* Chatty_SwiftTests */ = {
			isa = PBXNativeTarget;
			buildConfigurationList = 2EE6CB562952F4F500E281A0 /* Build configuration list for PBXNativeTarget "Chatty_SwiftTests" */;
			buildPhases = (
				E231A7A3E2FFC65ABA6AED85 /* [CP] Check Pods Manifest.lock */,
				2EE6CB3B2952F4F400E281A0 /* Sources */,
				2EE6CB3C2952F4F400E281A0 /* Frameworks */,
				2EE6CB3D2952F4F400E281A0 /* Resources */,
			);
			buildRules = (
			);
			dependencies = (
				2EE6CB412952F4F400E281A0 /* PBXTargetDependency */,
			);
			name = Chatty_SwiftTests;
			productName = Chatty_SwiftTests;
			productReference = 2EE6CB3F2952F4F400E281A0 /* Chatty_SwiftTests.xctest */;
			productType = "com.apple.product-type.bundle.unit-test";
		};
		2EE6CB482952F4F500E281A0 /* Chatty_SwiftUITests */ = {
			isa = PBXNativeTarget;
			buildConfigurationList = 2EE6CB592952F4F500E281A0 /* Build configuration list for PBXNativeTarget "Chatty_SwiftUITests" */;
			buildPhases = (
				CA954CD6E7FDCEB102182B47 /* [CP] Check Pods Manifest.lock */,
				2EE6CB452952F4F500E281A0 /* Sources */,
				2EE6CB462952F4F500E281A0 /* Frameworks */,
				2EE6CB472952F4F500E281A0 /* Resources */,
				519119ADDEAFEF4AB665A279 /* [CP] Embed Pods Frameworks */,
			);
			buildRules = (
			);
			dependencies = (
				2EE6CB4B2952F4F500E281A0 /* PBXTargetDependency */,
			);
			name = Chatty_SwiftUITests;
			productName = Chatty_SwiftUITests;
			productReference = 2EE6CB492952F4F500E281A0 /* Chatty_SwiftUITests.xctest */;
			productType = "com.apple.product-type.bundle.ui-testing";
		};
/* End PBXNativeTarget section */

/* Begin PBXProject section */
		2EE6CB272952F4F300E281A0 /* Project object */ = {
			isa = PBXProject;
			attributes = {
				BuildIndependentTargetsInParallel = 1;
				LastSwiftUpdateCheck = 1410;
				LastUpgradeCheck = 1410;
				TargetAttributes = {
					2EE6CB2E2952F4F300E281A0 = {
						CreatedOnToolsVersion = 14.1;
					};
					2EE6CB3E2952F4F400E281A0 = {
						CreatedOnToolsVersion = 14.1;
						LastSwiftMigration = 1420;
						TestTargetID = 2EE6CB2E2952F4F300E281A0;
					};
					2EE6CB482952F4F500E281A0 = {
						CreatedOnToolsVersion = 14.1;
						TestTargetID = 2EE6CB2E2952F4F300E281A0;
					};
				};
			};
			buildConfigurationList = 2EE6CB2A2952F4F300E281A0 /* Build configuration list for PBXProject "Chatty_Swift" */;
			compatibilityVersion = "Xcode 14.0";
			developmentRegion = en;
			hasScannedForEncodings = 0;
			knownRegions = (
				en,
				Base,
			);
			mainGroup = 2EE6CB262952F4F300E281A0;
			packageReferences = (
				2E0B9959297F51A000BDC534 /* XCRemoteSwiftPackageReference "Alamofire" */,
			);
			productRefGroup = 2EE6CB302952F4F300E281A0 /* Products */;
			projectDirPath = "";
			projectRoot = "";
			targets = (
				2EE6CB2E2952F4F300E281A0 /* Chatty_Swift */,
				2EE6CB3E2952F4F400E281A0 /* Chatty_SwiftTests */,
				2EE6CB482952F4F500E281A0 /* Chatty_SwiftUITests */,
			);
		};
/* End PBXProject section */

/* Begin PBXResourcesBuildPhase section */
		2EE6CB2D2952F4F300E281A0 /* Resources */ = {
			isa = PBXResourcesBuildPhase;
			buildActionMask = 2147483647;
			files = (
				2EE6CB3A2952F4F400E281A0 /* Preview Assets.xcassets in Resources */,
				2EE6CB372952F4F400E281A0 /* Assets.xcassets in Resources */,
			);
			runOnlyForDeploymentPostprocessing = 0;
		};
		2EE6CB3D2952F4F400E281A0 /* Resources */ = {
			isa = PBXResourcesBuildPhase;
			buildActionMask = 2147483647;
			files = (
			);
			runOnlyForDeploymentPostprocessing = 0;
		};
		2EE6CB472952F4F500E281A0 /* Resources */ = {
			isa = PBXResourcesBuildPhase;
			buildActionMask = 2147483647;
			files = (
			);
			runOnlyForDeploymentPostprocessing = 0;
		};
/* End PBXResourcesBuildPhase section */

/* Begin PBXShellScriptBuildPhase section */
		500E6560B8FA270812F4E1CA /* [CP] Embed Pods Frameworks */ = {
			isa = PBXShellScriptBuildPhase;
			buildActionMask = 2147483647;
			files = (
			);
			inputFileListPaths = (
				"${PODS_ROOT}/Target Support Files/Pods-Chatty_Swift/Pods-Chatty_Swift-frameworks-${CONFIGURATION}-input-files.xcfilelist",
			);
			name = "[CP] Embed Pods Frameworks";
			outputFileListPaths = (
				"${PODS_ROOT}/Target Support Files/Pods-Chatty_Swift/Pods-Chatty_Swift-frameworks-${CONFIGURATION}-output-files.xcfilelist",
			);
			runOnlyForDeploymentPostprocessing = 0;
			shellPath = /bin/sh;
			shellScript = "\"${PODS_ROOT}/Target Support Files/Pods-Chatty_Swift/Pods-Chatty_Swift-frameworks.sh\"\n";
			showEnvVarsInLog = 0;
		};
		519119ADDEAFEF4AB665A279 /* [CP] Embed Pods Frameworks */ = {
			isa = PBXShellScriptBuildPhase;
			buildActionMask = 2147483647;
			files = (
			);
			inputFileListPaths = (
				"${PODS_ROOT}/Target Support Files/Pods-Chatty_Swift-Chatty_SwiftUITests/Pods-Chatty_Swift-Chatty_SwiftUITests-frameworks-${CONFIGURATION}-input-files.xcfilelist",
			);
			name = "[CP] Embed Pods Frameworks";
			outputFileListPaths = (
				"${PODS_ROOT}/Target Support Files/Pods-Chatty_Swift-Chatty_SwiftUITests/Pods-Chatty_Swift-Chatty_SwiftUITests-frameworks-${CONFIGURATION}-output-files.xcfilelist",
			);
			runOnlyForDeploymentPostprocessing = 0;
			shellPath = /bin/sh;
			shellScript = "\"${PODS_ROOT}/Target Support Files/Pods-Chatty_Swift-Chatty_SwiftUITests/Pods-Chatty_Swift-Chatty_SwiftUITests-frameworks.sh\"\n";
			showEnvVarsInLog = 0;
		};
		931612CC59F68EAFE8BE1350 /* [CP] Check Pods Manifest.lock */ = {
			isa = PBXShellScriptBuildPhase;
			buildActionMask = 2147483647;
			files = (
			);
			inputFileListPaths = (
			);
			inputPaths = (
				"${PODS_PODFILE_DIR_PATH}/Podfile.lock",
				"${PODS_ROOT}/Manifest.lock",
			);
			name = "[CP] Check Pods Manifest.lock";
			outputFileListPaths = (
			);
			outputPaths = (
				"$(DERIVED_FILE_DIR)/Pods-Chatty_Swift-checkManifestLockResult.txt",
			);
			runOnlyForDeploymentPostprocessing = 0;
			shellPath = /bin/sh;
			shellScript = "diff \"${PODS_PODFILE_DIR_PATH}/Podfile.lock\" \"${PODS_ROOT}/Manifest.lock\" > /dev/null\nif [ $? != 0 ] ; then\n    # print error to STDERR\n    echo \"error: The sandbox is not in sync with the Podfile.lock. Run 'pod install' or update your CocoaPods installation.\" >&2\n    exit 1\nfi\n# This output is used by Xcode 'outputs' to avoid re-running this script phase.\necho \"SUCCESS\" > \"${SCRIPT_OUTPUT_FILE_0}\"\n";
			showEnvVarsInLog = 0;
		};
		CA954CD6E7FDCEB102182B47 /* [CP] Check Pods Manifest.lock */ = {
			isa = PBXShellScriptBuildPhase;
			buildActionMask = 2147483647;
			files = (
			);
			inputFileListPaths = (
			);
			inputPaths = (
				"${PODS_PODFILE_DIR_PATH}/Podfile.lock",
				"${PODS_ROOT}/Manifest.lock",
			);
			name = "[CP] Check Pods Manifest.lock";
			outputFileListPaths = (
			);
			outputPaths = (
				"$(DERIVED_FILE_DIR)/Pods-Chatty_Swift-Chatty_SwiftUITests-checkManifestLockResult.txt",
			);
			runOnlyForDeploymentPostprocessing = 0;
			shellPath = /bin/sh;
			shellScript = "diff \"${PODS_PODFILE_DIR_PATH}/Podfile.lock\" \"${PODS_ROOT}/Manifest.lock\" > /dev/null\nif [ $? != 0 ] ; then\n    # print error to STDERR\n    echo \"error: The sandbox is not in sync with the Podfile.lock. Run 'pod install' or update your CocoaPods installation.\" >&2\n    exit 1\nfi\n# This output is used by Xcode 'outputs' to avoid re-running this script phase.\necho \"SUCCESS\" > \"${SCRIPT_OUTPUT_FILE_0}\"\n";
			showEnvVarsInLog = 0;
		};
		E231A7A3E2FFC65ABA6AED85 /* [CP] Check Pods Manifest.lock */ = {
			isa = PBXShellScriptBuildPhase;
			buildActionMask = 2147483647;
			files = (
			);
			inputFileListPaths = (
			);
			inputPaths = (
				"${PODS_PODFILE_DIR_PATH}/Podfile.lock",
				"${PODS_ROOT}/Manifest.lock",
			);
			name = "[CP] Check Pods Manifest.lock";
			outputFileListPaths = (
			);
			outputPaths = (
				"$(DERIVED_FILE_DIR)/Pods-Chatty_SwiftTests-checkManifestLockResult.txt",
			);
			runOnlyForDeploymentPostprocessing = 0;
			shellPath = /bin/sh;
			shellScript = "diff \"${PODS_PODFILE_DIR_PATH}/Podfile.lock\" \"${PODS_ROOT}/Manifest.lock\" > /dev/null\nif [ $? != 0 ] ; then\n    # print error to STDERR\n    echo \"error: The sandbox is not in sync with the Podfile.lock. Run 'pod install' or update your CocoaPods installation.\" >&2\n    exit 1\nfi\n# This output is used by Xcode 'outputs' to avoid re-running this script phase.\necho \"SUCCESS\" > \"${SCRIPT_OUTPUT_FILE_0}\"\n";
			showEnvVarsInLog = 0;
		};
/* End PBXShellScriptBuildPhase section */

/* Begin PBXSourcesBuildPhase section */
		2EE6CB2B2952F4F300E281A0 /* Sources */ = {
			isa = PBXSourcesBuildPhase;
			buildActionMask = 2147483647;
			files = (
				2E9D85BE29DBB657007C9904 /* ErrorModel.swift in Sources */,
				2E9D03AB29A6A2C30042F0AE /* RankingView.swift in Sources */,
				2E9D03A729A6A27A0042F0AE /* ProfileView.swift in Sources */,
				2E9D03A529A691FD0042F0AE /* MainView.swift in Sources */,
				2E5F21FD29AD615F003B2A14 /* Keychain.swift in Sources */,
				2E80F34129E2F65A002280D5 /* QuestionEditor.swift in Sources */,
				2EB1AEAE29D09247007EA12E /* TimeExtensions.swift in Sources */,
				2E80F34A29E30A08002280D5 /* RoundedCornersShape.swift in Sources */,
				2E0B996C297F5CB700BDC534 /* ChattyVM.swift in Sources */,
				2E80F33F29E2E70B002280D5 /* NewQuestionButton.swift in Sources */,
				2E5F21F429AD4D31003B2A14 /* TokenModel.swift in Sources */,
				2E80F33B29E2D665002280D5 /* RefusedCard.swift in Sources */,
				2EF5AC8F29AEB1940019A37D /* TextExtensions.swift in Sources */,
				2ED68B052952F79C007F5EA7 /* IndexView.swift in Sources */,
				2E0B9958297F507000BDC534 /* UserData.swift in Sources */,
				2E9D03AD29A6A2CC0042F0AE /* MyPageView.swift in Sources */,
				2EB6E5D529A942350058B0FF /* ResponsedCard.swift in Sources */,
				2E5F21FA29AD5002003B2A14 /* ProfileModel.swift in Sources */,
				2E9D03A929A6A2B90042F0AE /* CommunityView.swift in Sources */,
				2ED68B172954952D007F5EA7 /* RegisterView.swift in Sources */,
				2ED68B0B29530550007F5EA7 /* LoginView.swift in Sources */,
				2E80F33929E1DA5A002280D5 /* ArrivedCard.swift in Sources */,
				2EE6CB332952F4F300E281A0 /* Chatty_SwiftApp.swift in Sources */,
				2EDCB71529CCA335009523A1 /* QuestionModel.swift in Sources */,
			);
			runOnlyForDeploymentPostprocessing = 0;
		};
		2EE6CB3B2952F4F400E281A0 /* Sources */ = {
			isa = PBXSourcesBuildPhase;
			buildActionMask = 2147483647;
			files = (
				2EF5AC9629AF01DF0019A37D /* Chatty_SwiftTests.swift in Sources */,
			);
			runOnlyForDeploymentPostprocessing = 0;
		};
		2EE6CB452952F4F500E281A0 /* Sources */ = {
			isa = PBXSourcesBuildPhase;
			buildActionMask = 2147483647;
			files = (
				2EF5AC9429AF01AB0019A37D /* Chatty_LoginTests.swift in Sources */,
			);
			runOnlyForDeploymentPostprocessing = 0;
		};
/* End PBXSourcesBuildPhase section */

/* Begin PBXTargetDependency section */
		2EE6CB412952F4F400E281A0 /* PBXTargetDependency */ = {
			isa = PBXTargetDependency;
			target = 2EE6CB2E2952F4F300E281A0 /* Chatty_Swift */;
			targetProxy = 2EE6CB402952F4F400E281A0 /* PBXContainerItemProxy */;
		};
		2EE6CB4B2952F4F500E281A0 /* PBXTargetDependency */ = {
			isa = PBXTargetDependency;
			target = 2EE6CB2E2952F4F300E281A0 /* Chatty_Swift */;
			targetProxy = 2EE6CB4A2952F4F500E281A0 /* PBXContainerItemProxy */;
		};
/* End PBXTargetDependency section */

/* Begin XCBuildConfiguration section */
		2EE6CB512952F4F500E281A0 /* Debug */ = {
			isa = XCBuildConfiguration;
			buildSettings = {
				ALWAYS_SEARCH_USER_PATHS = NO;
				CLANG_ANALYZER_NONNULL = YES;
				CLANG_ANALYZER_NUMBER_OBJECT_CONVERSION = YES_AGGRESSIVE;
				CLANG_CXX_LANGUAGE_STANDARD = "gnu++20";
				CLANG_ENABLE_MODULES = YES;
				CLANG_ENABLE_OBJC_ARC = YES;
				CLANG_ENABLE_OBJC_WEAK = YES;
				CLANG_WARN_BLOCK_CAPTURE_AUTORELEASING = YES;
				CLANG_WARN_BOOL_CONVERSION = YES;
				CLANG_WARN_COMMA = YES;
				CLANG_WARN_CONSTANT_CONVERSION = YES;
				CLANG_WARN_DEPRECATED_OBJC_IMPLEMENTATIONS = YES;
				CLANG_WARN_DIRECT_OBJC_ISA_USAGE = YES_ERROR;
				CLANG_WARN_DOCUMENTATION_COMMENTS = YES;
				CLANG_WARN_EMPTY_BODY = YES;
				CLANG_WARN_ENUM_CONVERSION = YES;
				CLANG_WARN_INFINITE_RECURSION = YES;
				CLANG_WARN_INT_CONVERSION = YES;
				CLANG_WARN_NON_LITERAL_NULL_CONVERSION = YES;
				CLANG_WARN_OBJC_IMPLICIT_RETAIN_SELF = YES;
				CLANG_WARN_OBJC_LITERAL_CONVERSION = YES;
				CLANG_WARN_OBJC_ROOT_CLASS = YES_ERROR;
				CLANG_WARN_QUOTED_INCLUDE_IN_FRAMEWORK_HEADER = YES;
				CLANG_WARN_RANGE_LOOP_ANALYSIS = YES;
				CLANG_WARN_STRICT_PROTOTYPES = YES;
				CLANG_WARN_SUSPICIOUS_MOVE = YES;
				CLANG_WARN_UNGUARDED_AVAILABILITY = YES_AGGRESSIVE;
				CLANG_WARN_UNREACHABLE_CODE = YES;
				CLANG_WARN__DUPLICATE_METHOD_MATCH = YES;
				COPY_PHASE_STRIP = NO;
				DEBUG_INFORMATION_FORMAT = dwarf;
				ENABLE_STRICT_OBJC_MSGSEND = YES;
				ENABLE_TESTABILITY = YES;
				GCC_C_LANGUAGE_STANDARD = gnu11;
				GCC_DYNAMIC_NO_PIC = NO;
				GCC_NO_COMMON_BLOCKS = YES;
				GCC_OPTIMIZATION_LEVEL = 0;
				GCC_PREPROCESSOR_DEFINITIONS = (
					"DEBUG=1",
					"$(inherited)",
				);
				GCC_WARN_64_TO_32_BIT_CONVERSION = YES;
				GCC_WARN_ABOUT_RETURN_TYPE = YES_ERROR;
				GCC_WARN_UNDECLARED_SELECTOR = YES;
				GCC_WARN_UNINITIALIZED_AUTOS = YES_AGGRESSIVE;
				GCC_WARN_UNUSED_FUNCTION = YES;
				GCC_WARN_UNUSED_VARIABLE = YES;
				IPHONEOS_DEPLOYMENT_TARGET = 16.1;
				MTL_ENABLE_DEBUG_INFO = INCLUDE_SOURCE;
				MTL_FAST_MATH = YES;
				ONLY_ACTIVE_ARCH = YES;
				SDKROOT = iphoneos;
				SWIFT_ACTIVE_COMPILATION_CONDITIONS = DEBUG;
				SWIFT_OPTIMIZATION_LEVEL = "-Onone";
			};
			name = Debug;
		};
		2EE6CB522952F4F500E281A0 /* Release */ = {
			isa = XCBuildConfiguration;
			buildSettings = {
				ALWAYS_SEARCH_USER_PATHS = NO;
				CLANG_ANALYZER_NONNULL = YES;
				CLANG_ANALYZER_NUMBER_OBJECT_CONVERSION = YES_AGGRESSIVE;
				CLANG_CXX_LANGUAGE_STANDARD = "gnu++20";
				CLANG_ENABLE_MODULES = YES;
				CLANG_ENABLE_OBJC_ARC = YES;
				CLANG_ENABLE_OBJC_WEAK = YES;
				CLANG_WARN_BLOCK_CAPTURE_AUTORELEASING = YES;
				CLANG_WARN_BOOL_CONVERSION = YES;
				CLANG_WARN_COMMA = YES;
				CLANG_WARN_CONSTANT_CONVERSION = YES;
				CLANG_WARN_DEPRECATED_OBJC_IMPLEMENTATIONS = YES;
				CLANG_WARN_DIRECT_OBJC_ISA_USAGE = YES_ERROR;
				CLANG_WARN_DOCUMENTATION_COMMENTS = YES;
				CLANG_WARN_EMPTY_BODY = YES;
				CLANG_WARN_ENUM_CONVERSION = YES;
				CLANG_WARN_INFINITE_RECURSION = YES;
				CLANG_WARN_INT_CONVERSION = YES;
				CLANG_WARN_NON_LITERAL_NULL_CONVERSION = YES;
				CLANG_WARN_OBJC_IMPLICIT_RETAIN_SELF = YES;
				CLANG_WARN_OBJC_LITERAL_CONVERSION = YES;
				CLANG_WARN_OBJC_ROOT_CLASS = YES_ERROR;
				CLANG_WARN_QUOTED_INCLUDE_IN_FRAMEWORK_HEADER = YES;
				CLANG_WARN_RANGE_LOOP_ANALYSIS = YES;
				CLANG_WARN_STRICT_PROTOTYPES = YES;
				CLANG_WARN_SUSPICIOUS_MOVE = YES;
				CLANG_WARN_UNGUARDED_AVAILABILITY = YES_AGGRESSIVE;
				CLANG_WARN_UNREACHABLE_CODE = YES;
				CLANG_WARN__DUPLICATE_METHOD_MATCH = YES;
				COPY_PHASE_STRIP = NO;
				DEBUG_INFORMATION_FORMAT = "dwarf-with-dsym";
				ENABLE_NS_ASSERTIONS = NO;
				ENABLE_STRICT_OBJC_MSGSEND = YES;
				GCC_C_LANGUAGE_STANDARD = gnu11;
				GCC_NO_COMMON_BLOCKS = YES;
				GCC_WARN_64_TO_32_BIT_CONVERSION = YES;
				GCC_WARN_ABOUT_RETURN_TYPE = YES_ERROR;
				GCC_WARN_UNDECLARED_SELECTOR = YES;
				GCC_WARN_UNINITIALIZED_AUTOS = YES_AGGRESSIVE;
				GCC_WARN_UNUSED_FUNCTION = YES;
				GCC_WARN_UNUSED_VARIABLE = YES;
				IPHONEOS_DEPLOYMENT_TARGET = 16.1;
				MTL_ENABLE_DEBUG_INFO = NO;
				MTL_FAST_MATH = YES;
				SDKROOT = iphoneos;
				SWIFT_COMPILATION_MODE = wholemodule;
				SWIFT_OPTIMIZATION_LEVEL = "-O";
				VALIDATE_PRODUCT = YES;
			};
			name = Release;
		};
		2EE6CB542952F4F500E281A0 /* Debug */ = {
			isa = XCBuildConfiguration;
			baseConfigurationReference = C4726903225193C21350329D /* Pods-Chatty_Swift.debug.xcconfig */;
			buildSettings = {
				ASSETCATALOG_COMPILER_APPICON_NAME = AppIcon;
				ASSETCATALOG_COMPILER_GLOBAL_ACCENT_COLOR_NAME = AccentColor;
				CODE_SIGN_STYLE = Automatic;
				CURRENT_PROJECT_VERSION = 1;
				DEVELOPMENT_ASSET_PATHS = "\"Chatty_Swift/Preview Content\"";
				DEVELOPMENT_TEAM = 7UBD4822X7;
				ENABLE_PREVIEWS = YES;
				GENERATE_INFOPLIST_FILE = YES;
				INFOPLIST_KEY_LSApplicationCategoryType = "public.app-category.social-networking";
				INFOPLIST_KEY_UIApplicationSceneManifest_Generation = YES;
				INFOPLIST_KEY_UIApplicationSupportsIndirectInputEvents = YES;
				INFOPLIST_KEY_UILaunchScreen_Generation = YES;
				INFOPLIST_KEY_UISupportedInterfaceOrientations = UIInterfaceOrientationPortrait;
				INFOPLIST_KEY_UIUserInterfaceStyle = Light;
				IPHONEOS_DEPLOYMENT_TARGET = 16.0;
				LD_RUNPATH_SEARCH_PATHS = (
					"$(inherited)",
					"@executable_path/Frameworks",
				);
				MARKETING_VERSION = 1.0;
				PRODUCT_BUNDLE_IDENTIFIER = "Chatty.Chatty-Swift";
				PRODUCT_NAME = "$(TARGET_NAME)";
				SUPPORTED_PLATFORMS = "iphoneos iphonesimulator";
				SUPPORTS_MACCATALYST = NO;
				SUPPORTS_MAC_DESIGNED_FOR_IPHONE_IPAD = NO;
				SWIFT_EMIT_LOC_STRINGS = YES;
				SWIFT_VERSION = 5.0;
				TARGETED_DEVICE_FAMILY = 1;
			};
			name = Debug;
		};
		2EE6CB552952F4F500E281A0 /* Release */ = {
			isa = XCBuildConfiguration;
			baseConfigurationReference = B106273201EE446B7AFD29A3 /* Pods-Chatty_Swift.release.xcconfig */;
			buildSettings = {
				ASSETCATALOG_COMPILER_APPICON_NAME = AppIcon;
				ASSETCATALOG_COMPILER_GLOBAL_ACCENT_COLOR_NAME = AccentColor;
				CODE_SIGN_STYLE = Automatic;
				CURRENT_PROJECT_VERSION = 1;
				DEVELOPMENT_ASSET_PATHS = "\"Chatty_Swift/Preview Content\"";
				DEVELOPMENT_TEAM = 7UBD4822X7;
				ENABLE_PREVIEWS = YES;
				GENERATE_INFOPLIST_FILE = YES;
				INFOPLIST_KEY_LSApplicationCategoryType = "public.app-category.social-networking";
				INFOPLIST_KEY_UIApplicationSceneManifest_Generation = YES;
				INFOPLIST_KEY_UIApplicationSupportsIndirectInputEvents = YES;
				INFOPLIST_KEY_UILaunchScreen_Generation = YES;
				INFOPLIST_KEY_UISupportedInterfaceOrientations = UIInterfaceOrientationPortrait;
				INFOPLIST_KEY_UIUserInterfaceStyle = Light;
				IPHONEOS_DEPLOYMENT_TARGET = 16.0;
				LD_RUNPATH_SEARCH_PATHS = (
					"$(inherited)",
					"@executable_path/Frameworks",
				);
				MARKETING_VERSION = 1.0;
				PRODUCT_BUNDLE_IDENTIFIER = "Chatty.Chatty-Swift";
				PRODUCT_NAME = "$(TARGET_NAME)";
				SUPPORTED_PLATFORMS = "iphoneos iphonesimulator";
				SUPPORTS_MACCATALYST = NO;
				SUPPORTS_MAC_DESIGNED_FOR_IPHONE_IPAD = NO;
				SWIFT_EMIT_LOC_STRINGS = YES;
				SWIFT_VERSION = 5.0;
				TARGETED_DEVICE_FAMILY = 1;
			};
			name = Release;
		};
		2EE6CB572952F4F500E281A0 /* Debug */ = {
			isa = XCBuildConfiguration;
			baseConfigurationReference = CDB544C446F7F8A0EB7D0C91 /* Pods-Chatty_SwiftTests.debug.xcconfig */;
			buildSettings = {
				ALWAYS_EMBED_SWIFT_STANDARD_LIBRARIES = YES;
				BUNDLE_LOADER = "$(TEST_HOST)";
				CLANG_ENABLE_MODULES = YES;
				CODE_SIGN_STYLE = Automatic;
				CURRENT_PROJECT_VERSION = 1;
				DEVELOPMENT_TEAM = 7UBD4822X7;
				GENERATE_INFOPLIST_FILE = YES;
				IPHONEOS_DEPLOYMENT_TARGET = 16.1;
				LD_RUNPATH_SEARCH_PATHS = (
					"$(inherited)",
					"@executable_path/Frameworks",
					"@loader_path/Frameworks",
				);
				MARKETING_VERSION = 1.0;
				PRODUCT_BUNDLE_IDENTIFIER = "Chatty.Chatty-SwiftTests";
				PRODUCT_NAME = "$(TARGET_NAME)";
				SWIFT_EMIT_LOC_STRINGS = NO;
				SWIFT_OPTIMIZATION_LEVEL = "-Onone";
				SWIFT_VERSION = 5.0;
				TARGETED_DEVICE_FAMILY = "1,2";
				TEST_HOST = "$(BUILT_PRODUCTS_DIR)/Chatty_Swift.app/$(BUNDLE_EXECUTABLE_FOLDER_PATH)/Chatty_Swift";
			};
			name = Debug;
		};
		2EE6CB582952F4F500E281A0 /* Release */ = {
			isa = XCBuildConfiguration;
			baseConfigurationReference = 37B7AB71AEED31738A6CEA4C /* Pods-Chatty_SwiftTests.release.xcconfig */;
			buildSettings = {
				ALWAYS_EMBED_SWIFT_STANDARD_LIBRARIES = YES;
				BUNDLE_LOADER = "$(TEST_HOST)";
				CLANG_ENABLE_MODULES = YES;
				CODE_SIGN_STYLE = Automatic;
				CURRENT_PROJECT_VERSION = 1;
				DEVELOPMENT_TEAM = 7UBD4822X7;
				GENERATE_INFOPLIST_FILE = YES;
				IPHONEOS_DEPLOYMENT_TARGET = 16.1;
				LD_RUNPATH_SEARCH_PATHS = (
					"$(inherited)",
					"@executable_path/Frameworks",
					"@loader_path/Frameworks",
				);
				MARKETING_VERSION = 1.0;
				PRODUCT_BUNDLE_IDENTIFIER = "Chatty.Chatty-SwiftTests";
				PRODUCT_NAME = "$(TARGET_NAME)";
				SWIFT_EMIT_LOC_STRINGS = NO;
				SWIFT_VERSION = 5.0;
				TARGETED_DEVICE_FAMILY = "1,2";
				TEST_HOST = "$(BUILT_PRODUCTS_DIR)/Chatty_Swift.app/$(BUNDLE_EXECUTABLE_FOLDER_PATH)/Chatty_Swift";
			};
			name = Release;
		};
		2EE6CB5A2952F4F500E281A0 /* Debug */ = {
			isa = XCBuildConfiguration;
			baseConfigurationReference = 27AB325B0318009849577297 /* Pods-Chatty_Swift-Chatty_SwiftUITests.debug.xcconfig */;
			buildSettings = {
				ALWAYS_EMBED_SWIFT_STANDARD_LIBRARIES = YES;
				CODE_SIGN_STYLE = Automatic;
				CURRENT_PROJECT_VERSION = 1;
				DEVELOPMENT_TEAM = 7UBD4822X7;
				GENERATE_INFOPLIST_FILE = YES;
				MARKETING_VERSION = 1.0;
				PRODUCT_BUNDLE_IDENTIFIER = "Chatty.Chatty-SwiftUITests";
				PRODUCT_NAME = "$(TARGET_NAME)";
				SWIFT_EMIT_LOC_STRINGS = NO;
				SWIFT_VERSION = 5.0;
				TARGETED_DEVICE_FAMILY = "1,2";
				TEST_TARGET_NAME = Chatty_Swift;
			};
			name = Debug;
		};
		2EE6CB5B2952F4F500E281A0 /* Release */ = {
			isa = XCBuildConfiguration;
			baseConfigurationReference = CDEF3842BC48C25B009846D1 /* Pods-Chatty_Swift-Chatty_SwiftUITests.release.xcconfig */;
			buildSettings = {
				ALWAYS_EMBED_SWIFT_STANDARD_LIBRARIES = YES;
				CODE_SIGN_STYLE = Automatic;
				CURRENT_PROJECT_VERSION = 1;
				DEVELOPMENT_TEAM = 7UBD4822X7;
				GENERATE_INFOPLIST_FILE = YES;
				MARKETING_VERSION = 1.0;
				PRODUCT_BUNDLE_IDENTIFIER = "Chatty.Chatty-SwiftUITests";
				PRODUCT_NAME = "$(TARGET_NAME)";
				SWIFT_EMIT_LOC_STRINGS = NO;
				SWIFT_VERSION = 5.0;
				TARGETED_DEVICE_FAMILY = "1,2";
				TEST_TARGET_NAME = Chatty_Swift;
			};
			name = Release;
		};
/* End XCBuildConfiguration section */

/* Begin XCConfigurationList section */
		2EE6CB2A2952F4F300E281A0 /* Build configuration list for PBXProject "Chatty_Swift" */ = {
			isa = XCConfigurationList;
			buildConfigurations = (
				2EE6CB512952F4F500E281A0 /* Debug */,
				2EE6CB522952F4F500E281A0 /* Release */,
			);
			defaultConfigurationIsVisible = 0;
			defaultConfigurationName = Release;
		};
		2EE6CB532952F4F500E281A0 /* Build configuration list for PBXNativeTarget "Chatty_Swift" */ = {
			isa = XCConfigurationList;
			buildConfigurations = (
				2EE6CB542952F4F500E281A0 /* Debug */,
				2EE6CB552952F4F500E281A0 /* Release */,
			);
			defaultConfigurationIsVisible = 0;
			defaultConfigurationName = Release;
		};
		2EE6CB562952F4F500E281A0 /* Build configuration list for PBXNativeTarget "Chatty_SwiftTests" */ = {
			isa = XCConfigurationList;
			buildConfigurations = (
				2EE6CB572952F4F500E281A0 /* Debug */,
				2EE6CB582952F4F500E281A0 /* Release */,
			);
			defaultConfigurationIsVisible = 0;
			defaultConfigurationName = Release;
		};
		2EE6CB592952F4F500E281A0 /* Build configuration list for PBXNativeTarget "Chatty_SwiftUITests" */ = {
			isa = XCConfigurationList;
			buildConfigurations = (
				2EE6CB5A2952F4F500E281A0 /* Debug */,
				2EE6CB5B2952F4F500E281A0 /* Release */,
			);
			defaultConfigurationIsVisible = 0;
			defaultConfigurationName = Release;
		};
/* End XCConfigurationList section */

/* Begin XCRemoteSwiftPackageReference section */
		2E0B9959297F51A000BDC534 /* XCRemoteSwiftPackageReference "Alamofire" */ = {
			isa = XCRemoteSwiftPackageReference;
			repositoryURL = "https://github.com/Alamofire/Alamofire";
			requirement = {
				kind = upToNextMajorVersion;
				minimumVersion = 5.0.0;
			};
		};
/* End XCRemoteSwiftPackageReference section */

/* Begin XCSwiftPackageProductDependency section */
		2E0B995A297F51A000BDC534 /* Alamofire */ = {
			isa = XCSwiftPackageProductDependency;
			package = 2E0B9959297F51A000BDC534 /* XCRemoteSwiftPackageReference "Alamofire" */;
			productName = Alamofire;
		};
/* End XCSwiftPackageProductDependency section */
	};
	rootObject = 2EE6CB272952F4F300E281A0 /* Project object */;
}
